
Microsoft Visual Studio Solution File, Format Version 12.00
# Visual Studio Version 16
VisualStudioVersion = 16.0.29905.134
MinimumVisualStudioVersion = 10.0.40219.1
Project("{FAE04EC0-301F-11D3-BF4B-00C04F79EFBC}") = "Domain", "Domain\Domain.csproj", "{99EFD927-2224-4C3F-9479-659B0EB79A6E}"
EndProject
Project("{FAE04EC0-301F-11D3-BF4B-00C04F79EFBC}") = "Domain.Test", "Domain.Test\Domain.Test.csproj", "{6A4F88A9-D982-4937-96D6-E0E44E521E74}"
EndProject
Global
	GlobalSection(SolutionConfigurationPlatforms) = preSolution
		Debug|Any CPU = Debug|Any CPU
		Release|Any CPU = Release|Any CPU
	EndGlobalSection
	GlobalSection(ProjectConfigurationPlatforms) = postSolution
		{99EFD927-2224-4C3F-9479-659B0EB79A6E}.Debug|Any CPU.ActiveCfg = Debug|Any CPU
		{99EFD927-2224-4C3F-9479-659B0EB79A6E}.Debug|Any CPU.Build.0 = Debug|Any CPU
		{99EFD927-2224-4C3F-9479-659B0EB79A6E}.Release|Any CPU.ActiveCfg = Release|Any CPU
		{99EFD927-2224-4C3F-9479-659B0EB79A6E}.Release|Any CPU.Build.0 = Release|Any CPU
		{6A4F88A9-D982-4937-96D6-E0E44E521E74}.Debug|Any CPU.ActiveCfg = Debug|Any CPU
		{6A4F88A9-D982-4937-96D6-E0E44E521E74}.Debug|Any CPU.Build.0 = Debug|Any CPU
		{6A4F88A9-D982-4937-96D6-E0E44E521E74}.Release|Any CPU.ActiveCfg = Release|Any CPU
		{6A4F88A9-D982-4937-96D6-E0E44E521E74}.Release|Any CPU.Build.0 = Release|Any CPU
	EndGlobalSection
	GlobalSection(SolutionProperties) = preSolution
		HideSolutionNode = FALSE
	EndGlobalSection
	GlobalSection(ExtensibilityGlobals) = postSolution
		SolutionGuid = {F32880D1-D3EE-4380-BF3A-4E9B764196C1}
	EndGlobalSection
EndGlobal
